
Microsoft Visual Studio Solution File, Format Version 12.00
# Visual Studio Version 17
VisualStudioVersion = 17.8.34330.188
MinimumVisualStudioVersion = 10.0.40219.1
Project("{9A19103F-16F7-4668-BE54-9A1E7A4F7556}") = "ContosoPizza", "ContosoPizza.csproj", "{C85CE33A-8A4C-4B37-AA9A-1D8EB46ED30A}"
EndProject
Global
	GlobalSection(SolutionConfigurationPlatforms) = preSolution
		Debug|Any CPU = Debug|Any CPU
		Release|Any CPU = Release|Any CPU
	EndGlobalSection
	GlobalSection(ProjectConfigurationPlatforms) = postSolution
		{C85CE33A-8A4C-4B37-AA9A-1D8EB46ED30A}.Debug|Any CPU.ActiveCfg = Debug|Any CPU
		{C85CE33A-8A4C-4B37-AA9A-1D8EB46ED30A}.Debug|Any CPU.Build.0 = Debug|Any CPU
		{C85CE33A-8A4C-4B37-AA9A-1D8EB46ED30A}.Release|Any CPU.ActiveCfg = Release|Any CPU
		{C85CE33A-8A4C-4B37-AA9A-1D8EB46ED30A}.Release|Any CPU.Build.0 = Release|Any CPU
	EndGlobalSection
	GlobalSection(SolutionProperties) = preSolution
		HideSolutionNode = FALSE
	EndGlobalSection
	GlobalSection(ExtensibilityGlobals) = postSolution
		SolutionGuid = {6A455990-44BF-45A0-91B0-AF91BA6244EE}
	EndGlobalSection
EndGlobal
